
Microsoft Visual Studio Solution File, Format Version 12.00
# Visual Studio Version 16
VisualStudioVersion = 16.0.29020.237
MinimumVisualStudioVersion = 10.0.40219.1
Project("{9A19103F-16F7-4668-BE54-9A1E7A4F7556}") = "Barton1792DB", "Barton1792DB\Barton1792DB.csproj", "{61B13B8D-741A-41BE-859E-C3201E6858F9}"
EndProject
Project("{9A19103F-16F7-4668-BE54-9A1E7A4F7556}") = "BartonWebAPI", "BartonWebAPI\BartonWebAPI.csproj", "{33946CC5-0A94-45E8-A876-C8AD660227D6}"
EndProject
Project("{FAE04EC0-301F-11D3-BF4B-00C04F79EFBC}") = "BartonApp", "BartonApp\BartonApp.csproj", "{36704ED8-10BF-4B56-912A-4940BFB18B3C}"
EndProject
Global
	GlobalSection(SolutionConfigurationPlatforms) = preSolution
		Debug|Any CPU = Debug|Any CPU
		Release|Any CPU = Release|Any CPU
	EndGlobalSection
	GlobalSection(ProjectConfigurationPlatforms) = postSolution
		{61B13B8D-741A-41BE-859E-C3201E6858F9}.Debug|Any CPU.ActiveCfg = Debug|Any CPU
		{61B13B8D-741A-41BE-859E-C3201E6858F9}.Debug|Any CPU.Build.0 = Debug|Any CPU
		{61B13B8D-741A-41BE-859E-C3201E6858F9}.Release|Any CPU.ActiveCfg = Release|Any CPU
		{61B13B8D-741A-41BE-859E-C3201E6858F9}.Release|Any CPU.Build.0 = Release|Any CPU
		{33946CC5-0A94-45E8-A876-C8AD660227D6}.Debug|Any CPU.ActiveCfg = Debug|Any CPU
		{33946CC5-0A94-45E8-A876-C8AD660227D6}.Debug|Any CPU.Build.0 = Debug|Any CPU
		{33946CC5-0A94-45E8-A876-C8AD660227D6}.Release|Any CPU.ActiveCfg = Release|Any CPU
		{33946CC5-0A94-45E8-A876-C8AD660227D6}.Release|Any CPU.Build.0 = Release|Any CPU
		{36704ED8-10BF-4B56-912A-4940BFB18B3C}.Debug|Any CPU.ActiveCfg = Debug|Any CPU
		{36704ED8-10BF-4B56-912A-4940BFB18B3C}.Debug|Any CPU.Build.0 = Debug|Any CPU
		{36704ED8-10BF-4B56-912A-4940BFB18B3C}.Release|Any CPU.ActiveCfg = Release|Any CPU
		{36704ED8-10BF-4B56-912A-4940BFB18B3C}.Release|Any CPU.Build.0 = Release|Any CPU
	EndGlobalSection
	GlobalSection(SolutionProperties) = preSolution
		HideSolutionNode = FALSE
	EndGlobalSection
	GlobalSection(ExtensibilityGlobals) = postSolution
		SolutionGuid = {8315A5FE-B154-429F-8C33-7B8C3EB398AF}
	EndGlobalSection
EndGlobal
